
Microsoft Visual Studio Solution File, Format Version 12.00
# Visual Studio Version 17
VisualStudioVersion = 17.8.34330.188
MinimumVisualStudioVersion = 10.0.40219.1
Project("{9A19103F-16F7-4668-BE54-9A1E7A4F7556}") = "EscalasAgent", "EscalasAgent\EscalasAgent.csproj", "{A6D1FA6A-A900-4489-B877-E9E26A783929}"
EndProject
Project("{9A19103F-16F7-4668-BE54-9A1E7A4F7556}") = "EscalasAgent.Core", "EscalasAgent.Core\EscalasAgent.Core.csproj", "{34F0FC81-032D-4C09-86C7-DF1576968328}"
EndProject
Project("{9A19103F-16F7-4668-BE54-9A1E7A4F7556}") = "EscalasAgent.Infraestrutura", "EscalasAgent.Infraestrutura\EscalasAgent.Infraestrutura.csproj", "{94FC5FD1-FE86-4C92-BDBE-503955D2E2A6}"
EndProject
Project("{9A19103F-16F7-4668-BE54-9A1E7A4F7556}") = "EscalasAgent.Interfaces", "EscalasAgent.Interfaces\EscalasAgent.Interfaces.csproj", "{FACD6E53-A548-46F9-99FF-7D6B4FA021CF}"
EndProject
Global
	GlobalSection(SolutionConfigurationPlatforms) = preSolution
		Debug|Any CPU = Debug|Any CPU
		Release|Any CPU = Release|Any CPU
	EndGlobalSection
	GlobalSection(ProjectConfigurationPlatforms) = postSolution
		{A6D1FA6A-A900-4489-B877-E9E26A783929}.Debug|Any CPU.ActiveCfg = Debug|Any CPU
		{A6D1FA6A-A900-4489-B877-E9E26A783929}.Debug|Any CPU.Build.0 = Debug|Any CPU
		{A6D1FA6A-A900-4489-B877-E9E26A783929}.Release|Any CPU.ActiveCfg = Release|Any CPU
		{A6D1FA6A-A900-4489-B877-E9E26A783929}.Release|Any CPU.Build.0 = Release|Any CPU
		{34F0FC81-032D-4C09-86C7-DF1576968328}.Debug|Any CPU.ActiveCfg = Debug|Any CPU
		{34F0FC81-032D-4C09-86C7-DF1576968328}.Debug|Any CPU.Build.0 = Debug|Any CPU
		{34F0FC81-032D-4C09-86C7-DF1576968328}.Release|Any CPU.ActiveCfg = Release|Any CPU
		{34F0FC81-032D-4C09-86C7-DF1576968328}.Release|Any CPU.Build.0 = Release|Any CPU
		{94FC5FD1-FE86-4C92-BDBE-503955D2E2A6}.Debug|Any CPU.ActiveCfg = Debug|Any CPU
		{94FC5FD1-FE86-4C92-BDBE-503955D2E2A6}.Debug|Any CPU.Build.0 = Debug|Any CPU
		{94FC5FD1-FE86-4C92-BDBE-503955D2E2A6}.Release|Any CPU.ActiveCfg = Release|Any CPU
		{94FC5FD1-FE86-4C92-BDBE-503955D2E2A6}.Release|Any CPU.Build.0 = Release|Any CPU
		{FACD6E53-A548-46F9-99FF-7D6B4FA021CF}.Debug|Any CPU.ActiveCfg = Debug|Any CPU
		{FACD6E53-A548-46F9-99FF-7D6B4FA021CF}.Debug|Any CPU.Build.0 = Debug|Any CPU
		{FACD6E53-A548-46F9-99FF-7D6B4FA021CF}.Release|Any CPU.ActiveCfg = Release|Any CPU
		{FACD6E53-A548-46F9-99FF-7D6B4FA021CF}.Release|Any CPU.Build.0 = Release|Any CPU
	EndGlobalSection
	GlobalSection(SolutionProperties) = preSolution
		HideSolutionNode = FALSE
	EndGlobalSection
	GlobalSection(ExtensibilityGlobals) = postSolution
		SolutionGuid = {D5532FCC-5F63-46B1-8419-5A48E4578061}
	EndGlobalSection
EndGlobal
